{
  "nodes": {
    "nixpkgs": {
      "locked": {
        "lastModified": 1787874478,
        "narHash": "sha256-ubWQiwkhIql/lYwnfK55yKHfAkTBXie2L4iChGNHfI0=",
        "owner": "NixOS",
        "repo": "nixpkgs",
        "rev": "7d1a7c21a4c00ea653fc7ed5c083d261340f185f",
        "type": "github"
      },
      "original": {
        "owner": "NixOS",
        "ref": "nixpkgs-unstable",
        "repo": "nixpkgs",
        "type": "github"
      }
    },
    "root": {
      "inputs": {
        "nixpkgs": "nixpkgs",
        "zmk-nix": "zmk-nix"
      }
    },
    "zmk-nix": {
      "inputs": {
        "nixpkgs": [
          "nixpkgs"
        ]
      },
      "locked": {
        "lastModified": 1787445183,
        "narHash": "sha256-3/NmAW5NUsbK4d83tYF9rE9+V6YbG8Q1QVKqFv0DzK4=",
        "owner": "lilyinstarlight",
        "repo": "zmk-nix",
        "rev": "d8d9f969079cf041a64cb6e9ba3072b7f3a385de",
        "type": "github"
      },
      "original": {
        "owner": "lilyinstarlight",
        "repo": "zmk-nix",
        "type": "github"
      }
    }
  },
  "root": "root",
  "version": 7
}
