{
  "nodes": {
    "nixpkgs": {
      "locked": {
        "lastModified": 1789073787,
        "narHash": "sha256-xfX/toC2QV707s06GbP4II/TxYF0fNQj7s5/LClNDKc=",
        "owner": "NixOS",
        "repo": "nixpkgs",
        "rev": "aff8a0b28396750446e5537a96461bc4facdb287",
        "type": "github"
      },
      "original": {
        "owner": "NixOS",
        "ref": "nixpkgs-unstable",
        "repo": "nixpkgs",
        "type": "github"
      }
    },
    "root": {
      "inputs": {
        "nixpkgs": "nixpkgs",
        "zmk-nix": "zmk-nix"
      }
    },
    "zmk-nix": {
      "inputs": {
        "nixpkgs": [
          "nixpkgs"
        ]
      },
      "locked": {
        "lastModified": 1788656650,
        "narHash": "sha256-d135HqZ0WXLEjq9N6LwO4dFkc7AgiyjQua3grax+vE4=",
        "owner": "lilyinstarlight",
        "repo": "zmk-nix",
        "rev": "41046da1963a5e0ade05b7de2682bbebaa782e90",
        "type": "github"
      },
      "original": {
        "owner": "lilyinstarlight",
        "repo": "zmk-nix",
        "type": "github"
      }
    }
  },
  "root": "root",
  "version": 7
}
